
Microsoft Visual Studio Solution File, Format Version 12.00
# Visual Studio 2013
VisualStudioVersion = 12.0.31101.0
MinimumVisualStudioVersion = 10.0.40219.1
Project("{FAE04EC0-301F-11D3-BF4B-00C04F79EFBC}") = "Actor.Base", "Actor.Base\Actor.Base.csproj", "{26A2EAE7-170E-4248-B9E2-CF3F95E86F27}"
EndProject
Project("{FAE04EC0-301F-11D3-BF4B-00C04F79EFBC}") = "Actor.TestApplication", "Actor.TestApplication\Actor.TestApplication.csproj", "{D524A2BA-111D-433C-8093-E92888A06931}"
EndProject
Project("{FAE04EC0-301F-11D3-BF4B-00C04F79EFBC}") = "Actor.Service", "Actor.Service\Actor.Service.csproj", "{7FED180B-B123-4668-9C2D-7F3F0C692E1E}"
EndProject
Project("{FAE04EC0-301F-11D3-BF4B-00C04F79EFBC}") = "Actor.Neurone", "Actor.Neurone\Actor.Neurone.csproj", "{6C69D34E-3468-4BE0-A575-966A1696A47F}"
EndProject
Project("{FAE04EC0-301F-11D3-BF4B-00C04F79EFBC}") = "HtmCla", "HtmCla\HtmCla.csproj", "{84627A57-2CE2-478C-B3D6-7B211E48334D}"
EndProject
Project("{FAE04EC0-301F-11D3-BF4B-00C04F79EFBC}") = "TestActor", "TestActor\TestActor.csproj", "{CF892F14-AEC8-4D98-BA2E-4575C1C241A2}"
EndProject
Project("{FAE04EC0-301F-11D3-BF4B-00C04F79EFBC}") = "Actor.RemoteLoading", "Actor.RemoteLoading\Actor.RemoteLoading.csproj", "{5E11368E-E121-45C2-87A2-03DAC2DE3073}"
EndProject
Project("{FAE04EC0-301F-11D3-BF4B-00C04F79EFBC}") = "Actor.Plugin", "Actor.Plugin\Actor.Plugin.csproj", "{CD2DD834-A668-4928-BB3E-E4EF1C11284D}"
EndProject
Project("{FAE04EC0-301F-11D3-BF4B-00C04F79EFBC}") = "Actor.MonteCarlo", "Actor.MonteCarlo\Actor.MonteCarlo.csproj", "{7405DD75-D19C-4C80-8107-6492A9583802}"
EndProject
Project("{FAE04EC0-301F-11D3-BF4B-00C04F79EFBC}") = "Actor.Util", "Actor.Util\Actor.Util.csproj", "{ED9F44AF-4154-4F52-8B71-7C2148B631AB}"
EndProject
Project("{FAE04EC0-301F-11D3-BF4B-00C04F79EFBC}") = "ActorGraph", "ActorGraph\ActorGraph.csproj", "{C96A3533-5D0D-40FF-AFC7-1FF72EFAA9CA}"
EndProject
Project("{2150E333-8FDC-42A3-9474-1A3956D46DE8}") = "Application", "Application", "{0949E498-E45D-4D68-99B1-EAA744EB3B98}"
EndProject
Project("{FAE04EC0-301F-11D3-BF4B-00C04F79EFBC}") = "ActorRing", "Actor.TestApplication\ActorRing\ActorRing.csproj", "{66637EE9-B4A3-4F41-9041-CAF4BE0453E1}"
EndProject
Project("{FAE04EC0-301F-11D3-BF4B-00C04F79EFBC}") = "ActorWeather", "Actor.TestApplication\ActorWeather\ActorWeather.csproj", "{19A8ED40-3442-4BE4-8302-A372BBBA66B8}"
EndProject
Project("{FAE04EC0-301F-11D3-BF4B-00C04F79EFBC}") = "AvecVoie", "AvecVoie\AvecVoie\AvecVoie.csproj", "{5469728D-9C37-447B-B6A0-3691E254AEBA}"
EndProject
Global
	GlobalSection(SolutionConfigurationPlatforms) = preSolution
		Debug|Any CPU = Debug|Any CPU
		Debug|Mixed Platforms = Debug|Mixed Platforms
		Debug|x64 = Debug|x64
		Release|Any CPU = Release|Any CPU
		Release|Mixed Platforms = Release|Mixed Platforms
		Release|x64 = Release|x64
		x64|Any CPU = x64|Any CPU
		x64|Mixed Platforms = x64|Mixed Platforms
		x64|x64 = x64|x64
	EndGlobalSection
	GlobalSection(ProjectConfigurationPlatforms) = postSolution
		{26A2EAE7-170E-4248-B9E2-CF3F95E86F27}.Debug|Any CPU.ActiveCfg = Debug|Any CPU
		{26A2EAE7-170E-4248-B9E2-CF3F95E86F27}.Debug|Any CPU.Build.0 = Debug|Any CPU
		{26A2EAE7-170E-4248-B9E2-CF3F95E86F27}.Debug|Mixed Platforms.ActiveCfg = Debug|Any CPU
		{26A2EAE7-170E-4248-B9E2-CF3F95E86F27}.Debug|Mixed Platforms.Build.0 = Debug|Any CPU
		{26A2EAE7-170E-4248-B9E2-CF3F95E86F27}.Debug|x64.ActiveCfg = Debug|x64
		{26A2EAE7-170E-4248-B9E2-CF3F95E86F27}.Debug|x64.Build.0 = Debug|x64
		{26A2EAE7-170E-4248-B9E2-CF3F95E86F27}.Release|Any CPU.ActiveCfg = Release|Any CPU
		{26A2EAE7-170E-4248-B9E2-CF3F95E86F27}.Release|Any CPU.Build.0 = Release|Any CPU
		{26A2EAE7-170E-4248-B9E2-CF3F95E86F27}.Release|Mixed Platforms.ActiveCfg = Release|Any CPU
		{26A2EAE7-170E-4248-B9E2-CF3F95E86F27}.Release|Mixed Platforms.Build.0 = Release|Any CPU
		{26A2EAE7-170E-4248-B9E2-CF3F95E86F27}.Release|x64.ActiveCfg = Release|x64
		{26A2EAE7-170E-4248-B9E2-CF3F95E86F27}.Release|x64.Build.0 = Release|x64
		{26A2EAE7-170E-4248-B9E2-CF3F95E86F27}.x64|Any CPU.ActiveCfg = x64|Any CPU
		{26A2EAE7-170E-4248-B9E2-CF3F95E86F27}.x64|Any CPU.Build.0 = x64|Any CPU
		{26A2EAE7-170E-4248-B9E2-CF3F95E86F27}.x64|Mixed Platforms.ActiveCfg = x64|Any CPU
		{26A2EAE7-170E-4248-B9E2-CF3F95E86F27}.x64|Mixed Platforms.Build.0 = x64|Any CPU
		{26A2EAE7-170E-4248-B9E2-CF3F95E86F27}.x64|x64.ActiveCfg = x64|x64
		{26A2EAE7-170E-4248-B9E2-CF3F95E86F27}.x64|x64.Build.0 = x64|x64
		{D524A2BA-111D-433C-8093-E92888A06931}.Debug|Any CPU.ActiveCfg = Debug|Any CPU
		{D524A2BA-111D-433C-8093-E92888A06931}.Debug|Any CPU.Build.0 = Debug|Any CPU
		{D524A2BA-111D-433C-8093-E92888A06931}.Debug|Mixed Platforms.ActiveCfg = Debug|Any CPU
		{D524A2BA-111D-433C-8093-E92888A06931}.Debug|Mixed Platforms.Build.0 = Debug|Any CPU
		{D524A2BA-111D-433C-8093-E92888A06931}.Debug|x64.ActiveCfg = Debug|x64
		{D524A2BA-111D-433C-8093-E92888A06931}.Debug|x64.Build.0 = Debug|x64
		{D524A2BA-111D-433C-8093-E92888A06931}.Release|Any CPU.ActiveCfg = Release|Any CPU
		{D524A2BA-111D-433C-8093-E92888A06931}.Release|Any CPU.Build.0 = Release|Any CPU
		{D524A2BA-111D-433C-8093-E92888A06931}.Release|Mixed Platforms.ActiveCfg = Release|Any CPU
		{D524A2BA-111D-433C-8093-E92888A06931}.Release|Mixed Platforms.Build.0 = Release|Any CPU
		{D524A2BA-111D-433C-8093-E92888A06931}.Release|x64.ActiveCfg = Release|x64
		{D524A2BA-111D-433C-8093-E92888A06931}.Release|x64.Build.0 = Release|x64
		{D524A2BA-111D-433C-8093-E92888A06931}.x64|Any CPU.ActiveCfg = x64|Any CPU
		{D524A2BA-111D-433C-8093-E92888A06931}.x64|Any CPU.Build.0 = x64|Any CPU
		{D524A2BA-111D-433C-8093-E92888A06931}.x64|Mixed Platforms.ActiveCfg = x64|Any CPU
		{D524A2BA-111D-433C-8093-E92888A06931}.x64|Mixed Platforms.Build.0 = x64|Any CPU
		{D524A2BA-111D-433C-8093-E92888A06931}.x64|x64.ActiveCfg = x64|x64
		{D524A2BA-111D-433C-8093-E92888A06931}.x64|x64.Build.0 = x64|x64
		{7FED180B-B123-4668-9C2D-7F3F0C692E1E}.Debug|Any CPU.ActiveCfg = Debug|Any CPU
		{7FED180B-B123-4668-9C2D-7F3F0C692E1E}.Debug|Any CPU.Build.0 = Debug|Any CPU
		{7FED180B-B123-4668-9C2D-7F3F0C692E1E}.Debug|Mixed Platforms.ActiveCfg = Debug|Any CPU
		{7FED180B-B123-4668-9C2D-7F3F0C692E1E}.Debug|Mixed Platforms.Build.0 = Debug|Any CPU
		{7FED180B-B123-4668-9C2D-7F3F0C692E1E}.Debug|x64.ActiveCfg = Debug|x64
		{7FED180B-B123-4668-9C2D-7F3F0C692E1E}.Debug|x64.Build.0 = Debug|x64
		{7FED180B-B123-4668-9C2D-7F3F0C692E1E}.Release|Any CPU.ActiveCfg = Release|Any CPU
		{7FED180B-B123-4668-9C2D-7F3F0C692E1E}.Release|Any CPU.Build.0 = Release|Any CPU
		{7FED180B-B123-4668-9C2D-7F3F0C692E1E}.Release|Mixed Platforms.ActiveCfg = Release|Any CPU
		{7FED180B-B123-4668-9C2D-7F3F0C692E1E}.Release|Mixed Platforms.Build.0 = Release|Any CPU
		{7FED180B-B123-4668-9C2D-7F3F0C692E1E}.Release|x64.ActiveCfg = Release|x64
		{7FED180B-B123-4668-9C2D-7F3F0C692E1E}.Release|x64.Build.0 = Release|x64
		{7FED180B-B123-4668-9C2D-7F3F0C692E1E}.x64|Any CPU.ActiveCfg = x64|Any CPU
		{7FED180B-B123-4668-9C2D-7F3F0C692E1E}.x64|Any CPU.Build.0 = x64|Any CPU
		{7FED180B-B123-4668-9C2D-7F3F0C692E1E}.x64|Mixed Platforms.ActiveCfg = x64|Any CPU
		{7FED180B-B123-4668-9C2D-7F3F0C692E1E}.x64|Mixed Platforms.Build.0 = x64|Any CPU
		{7FED180B-B123-4668-9C2D-7F3F0C692E1E}.x64|x64.ActiveCfg = x64|x64
		{7FED180B-B123-4668-9C2D-7F3F0C692E1E}.x64|x64.Build.0 = x64|x64
		{6C69D34E-3468-4BE0-A575-966A1696A47F}.Debug|Any CPU.ActiveCfg = Debug|Any CPU
		{6C69D34E-3468-4BE0-A575-966A1696A47F}.Debug|Any CPU.Build.0 = Debug|Any CPU
		{6C69D34E-3468-4BE0-A575-966A1696A47F}.Debug|Mixed Platforms.ActiveCfg = Debug|Any CPU
		{6C69D34E-3468-4BE0-A575-966A1696A47F}.Debug|Mixed Platforms.Build.0 = Debug|Any CPU
		{6C69D34E-3468-4BE0-A575-966A1696A47F}.Debug|x64.ActiveCfg = Debug|x64
		{6C69D34E-3468-4BE0-A575-966A1696A47F}.Debug|x64.Build.0 = Debug|x64
		{6C69D34E-3468-4BE0-A575-966A1696A47F}.Release|Any CPU.ActiveCfg = Release|Any CPU
		{6C69D34E-3468-4BE0-A575-966A1696A47F}.Release|Any CPU.Build.0 = Release|Any CPU
		{6C69D34E-3468-4BE0-A575-966A1696A47F}.Release|Mixed Platforms.ActiveCfg = Release|Any CPU
		{6C69D34E-3468-4BE0-A575-966A1696A47F}.Release|Mixed Platforms.Build.0 = Release|Any CPU
		{6C69D34E-3468-4BE0-A575-966A1696A47F}.Release|x64.ActiveCfg = Release|x64
		{6C69D34E-3468-4BE0-A575-966A1696A47F}.Release|x64.Build.0 = Release|x64
		{6C69D34E-3468-4BE0-A575-966A1696A47F}.x64|Any CPU.ActiveCfg = x64|Any CPU
		{6C69D34E-3468-4BE0-A575-966A1696A47F}.x64|Any CPU.Build.0 = x64|Any CPU
		{6C69D34E-3468-4BE0-A575-966A1696A47F}.x64|Mixed Platforms.ActiveCfg = x64|Any CPU
		{6C69D34E-3468-4BE0-A575-966A1696A47F}.x64|Mixed Platforms.Build.0 = x64|Any CPU
		{6C69D34E-3468-4BE0-A575-966A1696A47F}.x64|x64.ActiveCfg = x64|x64
		{6C69D34E-3468-4BE0-A575-966A1696A47F}.x64|x64.Build.0 = x64|x64
		{84627A57-2CE2-478C-B3D6-7B211E48334D}.Debug|Any CPU.ActiveCfg = Debug|Any CPU
		{84627A57-2CE2-478C-B3D6-7B211E48334D}.Debug|Any CPU.Build.0 = Debug|Any CPU
		{84627A57-2CE2-478C-B3D6-7B211E48334D}.Debug|Mixed Platforms.ActiveCfg = Debug|Any CPU
		{84627A57-2CE2-478C-B3D6-7B211E48334D}.Debug|Mixed Platforms.Build.0 = Debug|Any CPU
		{84627A57-2CE2-478C-B3D6-7B211E48334D}.Debug|x64.ActiveCfg = Debug|x64
		{84627A57-2CE2-478C-B3D6-7B211E48334D}.Debug|x64.Build.0 = Debug|x64
		{84627A57-2CE2-478C-B3D6-7B211E48334D}.Release|Any CPU.ActiveCfg = Release|Any CPU
		{84627A57-2CE2-478C-B3D6-7B211E48334D}.Release|Any CPU.Build.0 = Release|Any CPU
		{84627A57-2CE2-478C-B3D6-7B211E48334D}.Release|Mixed Platforms.ActiveCfg = Release|Any CPU
		{84627A57-2CE2-478C-B3D6-7B211E48334D}.Release|Mixed Platforms.Build.0 = Release|Any CPU
		{84627A57-2CE2-478C-B3D6-7B211E48334D}.Release|x64.ActiveCfg = Release|x64
		{84627A57-2CE2-478C-B3D6-7B211E48334D}.Release|x64.Build.0 = Release|x64
		{84627A57-2CE2-478C-B3D6-7B211E48334D}.x64|Any CPU.ActiveCfg = x64|Any CPU
		{84627A57-2CE2-478C-B3D6-7B211E48334D}.x64|Any CPU.Build.0 = x64|Any CPU
		{84627A57-2CE2-478C-B3D6-7B211E48334D}.x64|Mixed Platforms.ActiveCfg = x64|Any CPU
		{84627A57-2CE2-478C-B3D6-7B211E48334D}.x64|Mixed Platforms.Build.0 = x64|Any CPU
		{84627A57-2CE2-478C-B3D6-7B211E48334D}.x64|x64.ActiveCfg = x64|x64
		{84627A57-2CE2-478C-B3D6-7B211E48334D}.x64|x64.Build.0 = x64|x64
		{CF892F14-AEC8-4D98-BA2E-4575C1C241A2}.Debug|Any CPU.ActiveCfg = Debug|Any CPU
		{CF892F14-AEC8-4D98-BA2E-4575C1C241A2}.Debug|Any CPU.Build.0 = Debug|Any CPU
		{CF892F14-AEC8-4D98-BA2E-4575C1C241A2}.Debug|Mixed Platforms.ActiveCfg = Debug|Any CPU
		{CF892F14-AEC8-4D98-BA2E-4575C1C241A2}.Debug|Mixed Platforms.Build.0 = Debug|Any CPU
		{CF892F14-AEC8-4D98-BA2E-4575C1C241A2}.Debug|x64.ActiveCfg = Debug|x64
		{CF892F14-AEC8-4D98-BA2E-4575C1C241A2}.Debug|x64.Build.0 = Debug|x64
		{CF892F14-AEC8-4D98-BA2E-4575C1C241A2}.Release|Any CPU.ActiveCfg = Release|Any CPU
		{CF892F14-AEC8-4D98-BA2E-4575C1C241A2}.Release|Any CPU.Build.0 = Release|Any CPU
		{CF892F14-AEC8-4D98-BA2E-4575C1C241A2}.Release|Mixed Platforms.ActiveCfg = Release|Any CPU
		{CF892F14-AEC8-4D98-BA2E-4575C1C241A2}.Release|Mixed Platforms.Build.0 = Release|Any CPU
		{CF892F14-AEC8-4D98-BA2E-4575C1C241A2}.Release|x64.ActiveCfg = Release|x64
		{CF892F14-AEC8-4D98-BA2E-4575C1C241A2}.Release|x64.Build.0 = Release|x64
		{CF892F14-AEC8-4D98-BA2E-4575C1C241A2}.x64|Any CPU.ActiveCfg = x64|Any CPU
		{CF892F14-AEC8-4D98-BA2E-4575C1C241A2}.x64|Any CPU.Build.0 = x64|Any CPU
		{CF892F14-AEC8-4D98-BA2E-4575C1C241A2}.x64|Mixed Platforms.ActiveCfg = x64|Any CPU
		{CF892F14-AEC8-4D98-BA2E-4575C1C241A2}.x64|Mixed Platforms.Build.0 = x64|Any CPU
		{CF892F14-AEC8-4D98-BA2E-4575C1C241A2}.x64|x64.ActiveCfg = x64|x64
		{CF892F14-AEC8-4D98-BA2E-4575C1C241A2}.x64|x64.Build.0 = x64|x64
		{5E11368E-E121-45C2-87A2-03DAC2DE3073}.Debug|Any CPU.ActiveCfg = Debug|Any CPU
		{5E11368E-E121-45C2-87A2-03DAC2DE3073}.Debug|Any CPU.Build.0 = Debug|Any CPU
		{5E11368E-E121-45C2-87A2-03DAC2DE3073}.Debug|Mixed Platforms.ActiveCfg = Debug|Any CPU
		{5E11368E-E121-45C2-87A2-03DAC2DE3073}.Debug|Mixed Platforms.Build.0 = Debug|Any CPU
		{5E11368E-E121-45C2-87A2-03DAC2DE3073}.Debug|x64.ActiveCfg = Debug|x64
		{5E11368E-E121-45C2-87A2-03DAC2DE3073}.Debug|x64.Build.0 = Debug|x64
		{5E11368E-E121-45C2-87A2-03DAC2DE3073}.Release|Any CPU.ActiveCfg = Release|Any CPU
		{5E11368E-E121-45C2-87A2-03DAC2DE3073}.Release|Any CPU.Build.0 = Release|Any CPU
		{5E11368E-E121-45C2-87A2-03DAC2DE3073}.Release|Mixed Platforms.ActiveCfg = Release|Any CPU
		{5E11368E-E121-45C2-87A2-03DAC2DE3073}.Release|Mixed Platforms.Build.0 = Release|Any CPU
		{5E11368E-E121-45C2-87A2-03DAC2DE3073}.Release|x64.ActiveCfg = Release|x64
		{5E11368E-E121-45C2-87A2-03DAC2DE3073}.Release|x64.Build.0 = Release|x64
		{5E11368E-E121-45C2-87A2-03DAC2DE3073}.x64|Any CPU.ActiveCfg = x64|Any CPU
		{5E11368E-E121-45C2-87A2-03DAC2DE3073}.x64|Any CPU.Build.0 = x64|Any CPU
		{5E11368E-E121-45C2-87A2-03DAC2DE3073}.x64|Mixed Platforms.ActiveCfg = x64|Any CPU
		{5E11368E-E121-45C2-87A2-03DAC2DE3073}.x64|Mixed Platforms.Build.0 = x64|Any CPU
		{5E11368E-E121-45C2-87A2-03DAC2DE3073}.x64|x64.ActiveCfg = x64|x64
		{5E11368E-E121-45C2-87A2-03DAC2DE3073}.x64|x64.Build.0 = x64|x64
		{CD2DD834-A668-4928-BB3E-E4EF1C11284D}.Debug|Any CPU.ActiveCfg = Debug|Any CPU
		{CD2DD834-A668-4928-BB3E-E4EF1C11284D}.Debug|Any CPU.Build.0 = Debug|Any CPU
		{CD2DD834-A668-4928-BB3E-E4EF1C11284D}.Debug|Mixed Platforms.ActiveCfg = Debug|Any CPU
		{CD2DD834-A668-4928-BB3E-E4EF1C11284D}.Debug|Mixed Platforms.Build.0 = Debug|Any CPU
		{CD2DD834-A668-4928-BB3E-E4EF1C11284D}.Debug|x64.ActiveCfg = Debug|x64
		{CD2DD834-A668-4928-BB3E-E4EF1C11284D}.Debug|x64.Build.0 = Debug|x64
		{CD2DD834-A668-4928-BB3E-E4EF1C11284D}.Release|Any CPU.ActiveCfg = Release|Any CPU
		{CD2DD834-A668-4928-BB3E-E4EF1C11284D}.Release|Any CPU.Build.0 = Release|Any CPU
		{CD2DD834-A668-4928-BB3E-E4EF1C11284D}.Release|Mixed Platforms.ActiveCfg = Release|Any CPU
		{CD2DD834-A668-4928-BB3E-E4EF1C11284D}.Release|Mixed Platforms.Build.0 = Release|Any CPU
		{CD2DD834-A668-4928-BB3E-E4EF1C11284D}.Release|x64.ActiveCfg = Release|x64
		{CD2DD834-A668-4928-BB3E-E4EF1C11284D}.Release|x64.Build.0 = Release|x64
		{CD2DD834-A668-4928-BB3E-E4EF1C11284D}.x64|Any CPU.ActiveCfg = x64|Any CPU
		{CD2DD834-A668-4928-BB3E-E4EF1C11284D}.x64|Any CPU.Build.0 = x64|Any CPU
		{CD2DD834-A668-4928-BB3E-E4EF1C11284D}.x64|Mixed Platforms.ActiveCfg = x64|Any CPU
		{CD2DD834-A668-4928-BB3E-E4EF1C11284D}.x64|Mixed Platforms.Build.0 = x64|Any CPU
		{CD2DD834-A668-4928-BB3E-E4EF1C11284D}.x64|x64.ActiveCfg = x64|x64
		{CD2DD834-A668-4928-BB3E-E4EF1C11284D}.x64|x64.Build.0 = x64|x64
		{7405DD75-D19C-4C80-8107-6492A9583802}.Debug|Any CPU.ActiveCfg = Debug|Any CPU
		{7405DD75-D19C-4C80-8107-6492A9583802}.Debug|Any CPU.Build.0 = Debug|Any CPU
		{7405DD75-D19C-4C80-8107-6492A9583802}.Debug|Mixed Platforms.ActiveCfg = Debug|Any CPU
		{7405DD75-D19C-4C80-8107-6492A9583802}.Debug|Mixed Platforms.Build.0 = Debug|Any CPU
		{7405DD75-D19C-4C80-8107-6492A9583802}.Debug|x64.ActiveCfg = Debug|x64
		{7405DD75-D19C-4C80-8107-6492A9583802}.Debug|x64.Build.0 = Debug|x64
		{7405DD75-D19C-4C80-8107-6492A9583802}.Release|Any CPU.ActiveCfg = Release|Any CPU
		{7405DD75-D19C-4C80-8107-6492A9583802}.Release|Any CPU.Build.0 = Release|Any CPU
		{7405DD75-D19C-4C80-8107-6492A9583802}.Release|Mixed Platforms.ActiveCfg = Release|Any CPU
		{7405DD75-D19C-4C80-8107-6492A9583802}.Release|Mixed Platforms.Build.0 = Release|Any CPU
		{7405DD75-D19C-4C80-8107-6492A9583802}.Release|x64.ActiveCfg = Release|x64
		{7405DD75-D19C-4C80-8107-6492A9583802}.Release|x64.Build.0 = Release|x64
		{7405DD75-D19C-4C80-8107-6492A9583802}.x64|Any CPU.ActiveCfg = x64|Any CPU
		{7405DD75-D19C-4C80-8107-6492A9583802}.x64|Any CPU.Build.0 = x64|Any CPU
		{7405DD75-D19C-4C80-8107-6492A9583802}.x64|Mixed Platforms.ActiveCfg = x64|Any CPU
		{7405DD75-D19C-4C80-8107-6492A9583802}.x64|Mixed Platforms.Build.0 = x64|Any CPU
		{7405DD75-D19C-4C80-8107-6492A9583802}.x64|x64.ActiveCfg = x64|x64
		{7405DD75-D19C-4C80-8107-6492A9583802}.x64|x64.Build.0 = x64|x64
		{ED9F44AF-4154-4F52-8B71-7C2148B631AB}.Debug|Any CPU.ActiveCfg = Debug|Any CPU
		{ED9F44AF-4154-4F52-8B71-7C2148B631AB}.Debug|Any CPU.Build.0 = Debug|Any CPU
		{ED9F44AF-4154-4F52-8B71-7C2148B631AB}.Debug|Mixed Platforms.ActiveCfg = Debug|Any CPU
		{ED9F44AF-4154-4F52-8B71-7C2148B631AB}.Debug|Mixed Platforms.Build.0 = Debug|Any CPU
		{ED9F44AF-4154-4F52-8B71-7C2148B631AB}.Debug|x64.ActiveCfg = Debug|x64
		{ED9F44AF-4154-4F52-8B71-7C2148B631AB}.Debug|x64.Build.0 = Debug|x64
		{ED9F44AF-4154-4F52-8B71-7C2148B631AB}.Release|Any CPU.ActiveCfg = Release|Any CPU
		{ED9F44AF-4154-4F52-8B71-7C2148B631AB}.Release|Any CPU.Build.0 = Release|Any CPU
		{ED9F44AF-4154-4F52-8B71-7C2148B631AB}.Release|Mixed Platforms.ActiveCfg = Release|Any CPU
		{ED9F44AF-4154-4F52-8B71-7C2148B631AB}.Release|Mixed Platforms.Build.0 = Release|Any CPU
		{ED9F44AF-4154-4F52-8B71-7C2148B631AB}.Release|x64.ActiveCfg = Release|x64
		{ED9F44AF-4154-4F52-8B71-7C2148B631AB}.Release|x64.Build.0 = Release|x64
		{ED9F44AF-4154-4F52-8B71-7C2148B631AB}.x64|Any CPU.ActiveCfg = x64|Any CPU
		{ED9F44AF-4154-4F52-8B71-7C2148B631AB}.x64|Any CPU.Build.0 = x64|Any CPU
		{ED9F44AF-4154-4F52-8B71-7C2148B631AB}.x64|Mixed Platforms.ActiveCfg = x64|Any CPU
		{ED9F44AF-4154-4F52-8B71-7C2148B631AB}.x64|Mixed Platforms.Build.0 = x64|Any CPU
		{ED9F44AF-4154-4F52-8B71-7C2148B631AB}.x64|x64.ActiveCfg = x64|x64
		{ED9F44AF-4154-4F52-8B71-7C2148B631AB}.x64|x64.Build.0 = x64|x64
		{C96A3533-5D0D-40FF-AFC7-1FF72EFAA9CA}.Debug|Any CPU.ActiveCfg = Debug|Any CPU
		{C96A3533-5D0D-40FF-AFC7-1FF72EFAA9CA}.Debug|Any CPU.Build.0 = Debug|Any CPU
		{C96A3533-5D0D-40FF-AFC7-1FF72EFAA9CA}.Debug|Mixed Platforms.ActiveCfg = Debug|Any CPU
		{C96A3533-5D0D-40FF-AFC7-1FF72EFAA9CA}.Debug|Mixed Platforms.Build.0 = Debug|Any CPU
		{C96A3533-5D0D-40FF-AFC7-1FF72EFAA9CA}.Debug|x64.ActiveCfg = Debug|x64
		{C96A3533-5D0D-40FF-AFC7-1FF72EFAA9CA}.Debug|x64.Build.0 = Debug|x64
		{C96A3533-5D0D-40FF-AFC7-1FF72EFAA9CA}.Release|Any CPU.ActiveCfg = Release|Any CPU
		{C96A3533-5D0D-40FF-AFC7-1FF72EFAA9CA}.Release|Any CPU.Build.0 = Release|Any CPU
		{C96A3533-5D0D-40FF-AFC7-1FF72EFAA9CA}.Release|Mixed Platforms.ActiveCfg = Release|Any CPU
		{C96A3533-5D0D-40FF-AFC7-1FF72EFAA9CA}.Release|Mixed Platforms.Build.0 = Release|Any CPU
		{C96A3533-5D0D-40FF-AFC7-1FF72EFAA9CA}.Release|x64.ActiveCfg = Release|Any CPU
		{C96A3533-5D0D-40FF-AFC7-1FF72EFAA9CA}.x64|Any CPU.ActiveCfg = Release|Any CPU
		{C96A3533-5D0D-40FF-AFC7-1FF72EFAA9CA}.x64|Any CPU.Build.0 = Release|Any CPU
		{C96A3533-5D0D-40FF-AFC7-1FF72EFAA9CA}.x64|Mixed Platforms.ActiveCfg = Release|Any CPU
		{C96A3533-5D0D-40FF-AFC7-1FF72EFAA9CA}.x64|Mixed Platforms.Build.0 = Release|Any CPU
		{C96A3533-5D0D-40FF-AFC7-1FF72EFAA9CA}.x64|x64.ActiveCfg = Release|Any CPU
		{66637EE9-B4A3-4F41-9041-CAF4BE0453E1}.Debug|Any CPU.ActiveCfg = Debug|Any CPU
		{66637EE9-B4A3-4F41-9041-CAF4BE0453E1}.Debug|Any CPU.Build.0 = Debug|Any CPU
		{66637EE9-B4A3-4F41-9041-CAF4BE0453E1}.Debug|Mixed Platforms.ActiveCfg = Debug|Any CPU
		{66637EE9-B4A3-4F41-9041-CAF4BE0453E1}.Debug|Mixed Platforms.Build.0 = Debug|Any CPU
		{66637EE9-B4A3-4F41-9041-CAF4BE0453E1}.Debug|x64.ActiveCfg = Debug|x64
		{66637EE9-B4A3-4F41-9041-CAF4BE0453E1}.Debug|x64.Build.0 = Debug|x64
		{66637EE9-B4A3-4F41-9041-CAF4BE0453E1}.Release|Any CPU.ActiveCfg = Release|Any CPU
		{66637EE9-B4A3-4F41-9041-CAF4BE0453E1}.Release|Any CPU.Build.0 = Release|Any CPU
		{66637EE9-B4A3-4F41-9041-CAF4BE0453E1}.Release|Mixed Platforms.ActiveCfg = Release|Any CPU
		{66637EE9-B4A3-4F41-9041-CAF4BE0453E1}.Release|Mixed Platforms.Build.0 = Release|Any CPU
		{66637EE9-B4A3-4F41-9041-CAF4BE0453E1}.Release|x64.ActiveCfg = Release|x64
		{66637EE9-B4A3-4F41-9041-CAF4BE0453E1}.Release|x64.Build.0 = Release|x64
		{66637EE9-B4A3-4F41-9041-CAF4BE0453E1}.x64|Any CPU.ActiveCfg = Release|Any CPU
		{66637EE9-B4A3-4F41-9041-CAF4BE0453E1}.x64|Any CPU.Build.0 = Release|Any CPU
		{66637EE9-B4A3-4F41-9041-CAF4BE0453E1}.x64|Mixed Platforms.ActiveCfg = Release|Any CPU
		{66637EE9-B4A3-4F41-9041-CAF4BE0453E1}.x64|Mixed Platforms.Build.0 = Release|Any CPU
		{66637EE9-B4A3-4F41-9041-CAF4BE0453E1}.x64|x64.ActiveCfg = Release|x64
		{66637EE9-B4A3-4F41-9041-CAF4BE0453E1}.x64|x64.Build.0 = Release|x64
		{19A8ED40-3442-4BE4-8302-A372BBBA66B8}.Debug|Any CPU.ActiveCfg = Debug|Any CPU
		{19A8ED40-3442-4BE4-8302-A372BBBA66B8}.Debug|Any CPU.Build.0 = Debug|Any CPU
		{19A8ED40-3442-4BE4-8302-A372BBBA66B8}.Debug|Mixed Platforms.ActiveCfg = Debug|Any CPU
		{19A8ED40-3442-4BE4-8302-A372BBBA66B8}.Debug|Mixed Platforms.Build.0 = Debug|Any CPU
		{19A8ED40-3442-4BE4-8302-A372BBBA66B8}.Debug|x64.ActiveCfg = Debug|x64
		{19A8ED40-3442-4BE4-8302-A372BBBA66B8}.Debug|x64.Build.0 = Debug|x64
		{19A8ED40-3442-4BE4-8302-A372BBBA66B8}.Release|Any CPU.ActiveCfg = Release|Any CPU
		{19A8ED40-3442-4BE4-8302-A372BBBA66B8}.Release|Any CPU.Build.0 = Release|Any CPU
		{19A8ED40-3442-4BE4-8302-A372BBBA66B8}.Release|Mixed Platforms.ActiveCfg = Release|Any CPU
		{19A8ED40-3442-4BE4-8302-A372BBBA66B8}.Release|Mixed Platforms.Build.0 = Release|Any CPU
		{19A8ED40-3442-4BE4-8302-A372BBBA66B8}.Release|x64.ActiveCfg = Release|x64
		{19A8ED40-3442-4BE4-8302-A372BBBA66B8}.Release|x64.Build.0 = Release|x64
		{19A8ED40-3442-4BE4-8302-A372BBBA66B8}.x64|Any CPU.ActiveCfg = Release|Any CPU
		{19A8ED40-3442-4BE4-8302-A372BBBA66B8}.x64|Any CPU.Build.0 = Release|Any CPU
		{19A8ED40-3442-4BE4-8302-A372BBBA66B8}.x64|Mixed Platforms.ActiveCfg = Release|Any CPU
		{19A8ED40-3442-4BE4-8302-A372BBBA66B8}.x64|Mixed Platforms.Build.0 = Release|Any CPU
		{19A8ED40-3442-4BE4-8302-A372BBBA66B8}.x64|x64.ActiveCfg = Release|x64
		{19A8ED40-3442-4BE4-8302-A372BBBA66B8}.x64|x64.Build.0 = Release|x64
		{5469728D-9C37-447B-B6A0-3691E254AEBA}.Debug|Any CPU.ActiveCfg = Debug|Any CPU
		{5469728D-9C37-447B-B6A0-3691E254AEBA}.Debug|Any CPU.Build.0 = Debug|Any CPU
		{5469728D-9C37-447B-B6A0-3691E254AEBA}.Debug|Mixed Platforms.ActiveCfg = Debug|Any CPU
		{5469728D-9C37-447B-B6A0-3691E254AEBA}.Debug|Mixed Platforms.Build.0 = Debug|Any CPU
		{5469728D-9C37-447B-B6A0-3691E254AEBA}.Debug|x64.ActiveCfg = Debug|Any CPU
		{5469728D-9C37-447B-B6A0-3691E254AEBA}.Release|Any CPU.ActiveCfg = Release|Any CPU
		{5469728D-9C37-447B-B6A0-3691E254AEBA}.Release|Any CPU.Build.0 = Release|Any CPU
		{5469728D-9C37-447B-B6A0-3691E254AEBA}.Release|Mixed Platforms.ActiveCfg = Release|Any CPU
		{5469728D-9C37-447B-B6A0-3691E254AEBA}.Release|Mixed Platforms.Build.0 = Release|Any CPU
		{5469728D-9C37-447B-B6A0-3691E254AEBA}.Release|x64.ActiveCfg = Release|Any CPU
		{5469728D-9C37-447B-B6A0-3691E254AEBA}.x64|Any CPU.ActiveCfg = Release|Any CPU
		{5469728D-9C37-447B-B6A0-3691E254AEBA}.x64|Any CPU.Build.0 = Release|Any CPU
		{5469728D-9C37-447B-B6A0-3691E254AEBA}.x64|Mixed Platforms.ActiveCfg = Release|Any CPU
		{5469728D-9C37-447B-B6A0-3691E254AEBA}.x64|Mixed Platforms.Build.0 = Release|Any CPU
		{5469728D-9C37-447B-B6A0-3691E254AEBA}.x64|x64.ActiveCfg = Release|Any CPU
	EndGlobalSection
	GlobalSection(SolutionProperties) = preSolution
		HideSolutionNode = FALSE
	EndGlobalSection
	GlobalSection(NestedProjects) = preSolution
		{D524A2BA-111D-433C-8093-E92888A06931} = {0949E498-E45D-4D68-99B1-EAA744EB3B98}
		{66637EE9-B4A3-4F41-9041-CAF4BE0453E1} = {0949E498-E45D-4D68-99B1-EAA744EB3B98}
		{19A8ED40-3442-4BE4-8302-A372BBBA66B8} = {0949E498-E45D-4D68-99B1-EAA744EB3B98}
		{5469728D-9C37-447B-B6A0-3691E254AEBA} = {0949E498-E45D-4D68-99B1-EAA744EB3B98}
	EndGlobalSection
EndGlobal
