
Microsoft Visual Studio Solution File, Format Version 12.00
# Visual Studio 14
VisualStudioVersion = 14.0.24720.0
MinimumVisualStudioVersion = 10.0.40219.1
Project("{FAE04EC0-301F-11D3-BF4B-00C04F79EFBC}") = "Actor.Base", "Actor.Base\Actor.Base.csproj", "{26A2EAE7-170E-4248-B9E2-CF3F95E86F27}"
EndProject
Project("{FAE04EC0-301F-11D3-BF4B-00C04F79EFBC}") = "Actor.TestApplication", "Actor.TestApplication\Actor.TestApplication.csproj", "{D524A2BA-111D-433C-8093-E92888A06931}"
EndProject
Project("{FAE04EC0-301F-11D3-BF4B-00C04F79EFBC}") = "Actor.Service", "Actor.Service\Actor.Service.csproj", "{7FED180B-B123-4668-9C2D-7F3F0C692E1E}"
EndProject
Project("{FAE04EC0-301F-11D3-BF4B-00C04F79EFBC}") = "Actor.Neurone", "Actor.Neurone\Actor.Neurone.csproj", "{6C69D34E-3468-4BE0-A575-966A1696A47F}"
EndProject
Project("{FAE04EC0-301F-11D3-BF4B-00C04F79EFBC}") = "TestActor", "TestActor\TestActor.csproj", "{CF892F14-AEC8-4D98-BA2E-4575C1C241A2}"
EndProject
Project("{FAE04EC0-301F-11D3-BF4B-00C04F79EFBC}") = "Actor.RemoteLoading", "Actor.RemoteLoading\Actor.RemoteLoading.csproj", "{5E11368E-E121-45C2-87A2-03DAC2DE3073}"
EndProject
Project("{FAE04EC0-301F-11D3-BF4B-00C04F79EFBC}") = "Actor.Plugin", "Actor.Plugin\Actor.Plugin.csproj", "{CD2DD834-A668-4928-BB3E-E4EF1C11284D}"
EndProject
Project("{FAE04EC0-301F-11D3-BF4B-00C04F79EFBC}") = "Actor.MonteCarlo", "Actor.MonteCarlo\Actor.MonteCarlo.csproj", "{7405DD75-D19C-4C80-8107-6492A9583802}"
EndProject
Project("{FAE04EC0-301F-11D3-BF4B-00C04F79EFBC}") = "Actor.Util", "Actor.Util\Actor.Util.csproj", "{ED9F44AF-4154-4F52-8B71-7C2148B631AB}"
EndProject
Project("{FAE04EC0-301F-11D3-BF4B-00C04F79EFBC}") = "ActorGraph", "ActorGraph\ActorGraph.csproj", "{C96A3533-5D0D-40FF-AFC7-1FF72EFAA9CA}"
EndProject
Project("{2150E333-8FDC-42A3-9474-1A3956D46DE8}") = "Application", "Application", "{0949E498-E45D-4D68-99B1-EAA744EB3B98}"
EndProject
Project("{FAE04EC0-301F-11D3-BF4B-00C04F79EFBC}") = "ActorRing", "Actor.TestApplication\ActorRing\ActorRing.csproj", "{66637EE9-B4A3-4F41-9041-CAF4BE0453E1}"
EndProject
Project("{FAE04EC0-301F-11D3-BF4B-00C04F79EFBC}") = "ActorWeather", "Actor.TestApplication\ActorWeather\ActorWeather.csproj", "{19A8ED40-3442-4BE4-8302-A372BBBA66B8}"
EndProject
Project("{FAE04EC0-301F-11D3-BF4B-00C04F79EFBC}") = "AvecVoie", "AvecVoie\AvecVoie\AvecVoie.csproj", "{5469728D-9C37-447B-B6A0-3691E254AEBA}"
EndProject
Project("{FAE04EC0-301F-11D3-BF4B-00C04F79EFBC}") = "Actor.Server", "Actor.Server\Actor.Server\Actor.Server.csproj", "{03A619AF-9E9E-4E7D-A905-878F1452DC75}"
EndProject
Project("{2150E333-8FDC-42A3-9474-1A3956D46DE8}") = "ARnAgent", "ARnAgent", "{E0C8A5E8-99F3-408C-91D1-6F2FD224D1B2}"
EndProject
Project("{FAE04EC0-301F-11D3-BF4B-00C04F79EFBC}") = "ARnAgent", "ARnAgent\ARnAgent.csproj", "{6BE4C46F-6C16-4637-82DA-9ADF83494819}"
EndProject
Project("{FAE04EC0-301F-11D3-BF4B-00C04F79EFBC}") = "AgentTestApplication", "AgentTestApplication\AgentTestApplication.csproj", "{C3B224C6-8161-485E-89C5-A92D46FFF358}"
EndProject
Project("{FAE04EC0-301F-11D3-BF4B-00C04F79EFBC}") = "WpfPrime", "Actor.TestApplication\WpfPrime\WpfPrime.csproj", "{FFDDB740-68C9-4962-9BE4-96CE51D2316B}"
EndProject
Project("{FAE04EC0-301F-11D3-BF4B-00C04F79EFBC}") = "PrimeSumNumber_Euler543", "ConsoleApplication1\PrimeSumNumber_Euler543.csproj", "{F68DFE34-B1B0-4EB8-A3D2-A8F157BCA4E5}"
EndProject
Global
	GlobalSection(SolutionConfigurationPlatforms) = preSolution
		Debug|Any CPU = Debug|Any CPU
		Debug|ARM = Debug|ARM
		Debug|Mixed Platforms = Debug|Mixed Platforms
		Debug|x64 = Debug|x64
		Debug|x86 = Debug|x86
		Release|Any CPU = Release|Any CPU
		Release|ARM = Release|ARM
		Release|Mixed Platforms = Release|Mixed Platforms
		Release|x64 = Release|x64
		Release|x86 = Release|x86
	EndGlobalSection
	GlobalSection(ProjectConfigurationPlatforms) = postSolution
		{26A2EAE7-170E-4248-B9E2-CF3F95E86F27}.Debug|Any CPU.ActiveCfg = Debug|Any CPU
		{26A2EAE7-170E-4248-B9E2-CF3F95E86F27}.Debug|Any CPU.Build.0 = Debug|Any CPU
		{26A2EAE7-170E-4248-B9E2-CF3F95E86F27}.Debug|ARM.ActiveCfg = Debug|Any CPU
		{26A2EAE7-170E-4248-B9E2-CF3F95E86F27}.Debug|ARM.Build.0 = Debug|Any CPU
		{26A2EAE7-170E-4248-B9E2-CF3F95E86F27}.Debug|Mixed Platforms.ActiveCfg = Debug|Any CPU
		{26A2EAE7-170E-4248-B9E2-CF3F95E86F27}.Debug|Mixed Platforms.Build.0 = Debug|Any CPU
		{26A2EAE7-170E-4248-B9E2-CF3F95E86F27}.Debug|x64.ActiveCfg = Debug|x64
		{26A2EAE7-170E-4248-B9E2-CF3F95E86F27}.Debug|x64.Build.0 = Debug|x64
		{26A2EAE7-170E-4248-B9E2-CF3F95E86F27}.Debug|x86.ActiveCfg = Debug|Any CPU
		{26A2EAE7-170E-4248-B9E2-CF3F95E86F27}.Debug|x86.Build.0 = Debug|Any CPU
		{26A2EAE7-170E-4248-B9E2-CF3F95E86F27}.Release|Any CPU.ActiveCfg = Release|Any CPU
		{26A2EAE7-170E-4248-B9E2-CF3F95E86F27}.Release|Any CPU.Build.0 = Release|Any CPU
		{26A2EAE7-170E-4248-B9E2-CF3F95E86F27}.Release|ARM.ActiveCfg = Release|Any CPU
		{26A2EAE7-170E-4248-B9E2-CF3F95E86F27}.Release|ARM.Build.0 = Release|Any CPU
		{26A2EAE7-170E-4248-B9E2-CF3F95E86F27}.Release|Mixed Platforms.ActiveCfg = Release|Any CPU
		{26A2EAE7-170E-4248-B9E2-CF3F95E86F27}.Release|Mixed Platforms.Build.0 = Release|Any CPU
		{26A2EAE7-170E-4248-B9E2-CF3F95E86F27}.Release|x64.ActiveCfg = Release|x64
		{26A2EAE7-170E-4248-B9E2-CF3F95E86F27}.Release|x64.Build.0 = Release|x64
		{26A2EAE7-170E-4248-B9E2-CF3F95E86F27}.Release|x86.ActiveCfg = Release|Any CPU
		{26A2EAE7-170E-4248-B9E2-CF3F95E86F27}.Release|x86.Build.0 = Release|Any CPU
		{D524A2BA-111D-433C-8093-E92888A06931}.Debug|Any CPU.ActiveCfg = Debug|Any CPU
		{D524A2BA-111D-433C-8093-E92888A06931}.Debug|Any CPU.Build.0 = Debug|Any CPU
		{D524A2BA-111D-433C-8093-E92888A06931}.Debug|ARM.ActiveCfg = Debug|Any CPU
		{D524A2BA-111D-433C-8093-E92888A06931}.Debug|ARM.Build.0 = Debug|Any CPU
		{D524A2BA-111D-433C-8093-E92888A06931}.Debug|Mixed Platforms.ActiveCfg = Debug|Any CPU
		{D524A2BA-111D-433C-8093-E92888A06931}.Debug|Mixed Platforms.Build.0 = Debug|Any CPU
		{D524A2BA-111D-433C-8093-E92888A06931}.Debug|x64.ActiveCfg = Debug|x64
		{D524A2BA-111D-433C-8093-E92888A06931}.Debug|x64.Build.0 = Debug|x64
		{D524A2BA-111D-433C-8093-E92888A06931}.Debug|x86.ActiveCfg = Debug|Any CPU
		{D524A2BA-111D-433C-8093-E92888A06931}.Debug|x86.Build.0 = Debug|Any CPU
		{D524A2BA-111D-433C-8093-E92888A06931}.Release|Any CPU.ActiveCfg = Release|Any CPU
		{D524A2BA-111D-433C-8093-E92888A06931}.Release|Any CPU.Build.0 = Release|Any CPU
		{D524A2BA-111D-433C-8093-E92888A06931}.Release|ARM.ActiveCfg = Release|Any CPU
		{D524A2BA-111D-433C-8093-E92888A06931}.Release|ARM.Build.0 = Release|Any CPU
		{D524A2BA-111D-433C-8093-E92888A06931}.Release|Mixed Platforms.ActiveCfg = Release|Any CPU
		{D524A2BA-111D-433C-8093-E92888A06931}.Release|Mixed Platforms.Build.0 = Release|Any CPU
		{D524A2BA-111D-433C-8093-E92888A06931}.Release|x64.ActiveCfg = Release|x64
		{D524A2BA-111D-433C-8093-E92888A06931}.Release|x64.Build.0 = Release|x64
		{D524A2BA-111D-433C-8093-E92888A06931}.Release|x86.ActiveCfg = Release|Any CPU
		{D524A2BA-111D-433C-8093-E92888A06931}.Release|x86.Build.0 = Release|Any CPU
		{7FED180B-B123-4668-9C2D-7F3F0C692E1E}.Debug|Any CPU.ActiveCfg = Debug|Any CPU
		{7FED180B-B123-4668-9C2D-7F3F0C692E1E}.Debug|Any CPU.Build.0 = Debug|Any CPU
		{7FED180B-B123-4668-9C2D-7F3F0C692E1E}.Debug|ARM.ActiveCfg = Debug|Any CPU
		{7FED180B-B123-4668-9C2D-7F3F0C692E1E}.Debug|ARM.Build.0 = Debug|Any CPU
		{7FED180B-B123-4668-9C2D-7F3F0C692E1E}.Debug|Mixed Platforms.ActiveCfg = Debug|Any CPU
		{7FED180B-B123-4668-9C2D-7F3F0C692E1E}.Debug|Mixed Platforms.Build.0 = Debug|Any CPU
		{7FED180B-B123-4668-9C2D-7F3F0C692E1E}.Debug|x64.ActiveCfg = Debug|x64
		{7FED180B-B123-4668-9C2D-7F3F0C692E1E}.Debug|x64.Build.0 = Debug|x64
		{7FED180B-B123-4668-9C2D-7F3F0C692E1E}.Debug|x86.ActiveCfg = Debug|Any CPU
		{7FED180B-B123-4668-9C2D-7F3F0C692E1E}.Debug|x86.Build.0 = Debug|Any CPU
		{7FED180B-B123-4668-9C2D-7F3F0C692E1E}.Release|Any CPU.ActiveCfg = Release|Any CPU
		{7FED180B-B123-4668-9C2D-7F3F0C692E1E}.Release|Any CPU.Build.0 = Release|Any CPU
		{7FED180B-B123-4668-9C2D-7F3F0C692E1E}.Release|ARM.ActiveCfg = Release|Any CPU
		{7FED180B-B123-4668-9C2D-7F3F0C692E1E}.Release|ARM.Build.0 = Release|Any CPU
		{7FED180B-B123-4668-9C2D-7F3F0C692E1E}.Release|Mixed Platforms.ActiveCfg = Release|Any CPU
		{7FED180B-B123-4668-9C2D-7F3F0C692E1E}.Release|Mixed Platforms.Build.0 = Release|Any CPU
		{7FED180B-B123-4668-9C2D-7F3F0C692E1E}.Release|x64.ActiveCfg = Release|x64
		{7FED180B-B123-4668-9C2D-7F3F0C692E1E}.Release|x64.Build.0 = Release|x64
		{7FED180B-B123-4668-9C2D-7F3F0C692E1E}.Release|x86.ActiveCfg = Release|Any CPU
		{7FED180B-B123-4668-9C2D-7F3F0C692E1E}.Release|x86.Build.0 = Release|Any CPU
		{6C69D34E-3468-4BE0-A575-966A1696A47F}.Debug|Any CPU.ActiveCfg = Debug|Any CPU
		{6C69D34E-3468-4BE0-A575-966A1696A47F}.Debug|Any CPU.Build.0 = Debug|Any CPU
		{6C69D34E-3468-4BE0-A575-966A1696A47F}.Debug|ARM.ActiveCfg = Debug|Any CPU
		{6C69D34E-3468-4BE0-A575-966A1696A47F}.Debug|ARM.Build.0 = Debug|Any CPU
		{6C69D34E-3468-4BE0-A575-966A1696A47F}.Debug|Mixed Platforms.ActiveCfg = Debug|Any CPU
		{6C69D34E-3468-4BE0-A575-966A1696A47F}.Debug|Mixed Platforms.Build.0 = Debug|Any CPU
		{6C69D34E-3468-4BE0-A575-966A1696A47F}.Debug|x64.ActiveCfg = Debug|x64
		{6C69D34E-3468-4BE0-A575-966A1696A47F}.Debug|x64.Build.0 = Debug|x64
		{6C69D34E-3468-4BE0-A575-966A1696A47F}.Debug|x86.ActiveCfg = Debug|Any CPU
		{6C69D34E-3468-4BE0-A575-966A1696A47F}.Debug|x86.Build.0 = Debug|Any CPU
		{6C69D34E-3468-4BE0-A575-966A1696A47F}.Release|Any CPU.ActiveCfg = Release|Any CPU
		{6C69D34E-3468-4BE0-A575-966A1696A47F}.Release|Any CPU.Build.0 = Release|Any CPU
		{6C69D34E-3468-4BE0-A575-966A1696A47F}.Release|ARM.ActiveCfg = Release|Any CPU
		{6C69D34E-3468-4BE0-A575-966A1696A47F}.Release|ARM.Build.0 = Release|Any CPU
		{6C69D34E-3468-4BE0-A575-966A1696A47F}.Release|Mixed Platforms.ActiveCfg = Release|Any CPU
		{6C69D34E-3468-4BE0-A575-966A1696A47F}.Release|Mixed Platforms.Build.0 = Release|Any CPU
		{6C69D34E-3468-4BE0-A575-966A1696A47F}.Release|x64.ActiveCfg = Release|x64
		{6C69D34E-3468-4BE0-A575-966A1696A47F}.Release|x64.Build.0 = Release|x64
		{6C69D34E-3468-4BE0-A575-966A1696A47F}.Release|x86.ActiveCfg = Release|Any CPU
		{6C69D34E-3468-4BE0-A575-966A1696A47F}.Release|x86.Build.0 = Release|Any CPU
		{CF892F14-AEC8-4D98-BA2E-4575C1C241A2}.Debug|Any CPU.ActiveCfg = Debug|Any CPU
		{CF892F14-AEC8-4D98-BA2E-4575C1C241A2}.Debug|Any CPU.Build.0 = Debug|Any CPU
		{CF892F14-AEC8-4D98-BA2E-4575C1C241A2}.Debug|ARM.ActiveCfg = Debug|Any CPU
		{CF892F14-AEC8-4D98-BA2E-4575C1C241A2}.Debug|ARM.Build.0 = Debug|Any CPU
		{CF892F14-AEC8-4D98-BA2E-4575C1C241A2}.Debug|Mixed Platforms.ActiveCfg = Debug|Any CPU
		{CF892F14-AEC8-4D98-BA2E-4575C1C241A2}.Debug|Mixed Platforms.Build.0 = Debug|Any CPU
		{CF892F14-AEC8-4D98-BA2E-4575C1C241A2}.Debug|x64.ActiveCfg = Debug|x64
		{CF892F14-AEC8-4D98-BA2E-4575C1C241A2}.Debug|x64.Build.0 = Debug|x64
		{CF892F14-AEC8-4D98-BA2E-4575C1C241A2}.Debug|x86.ActiveCfg = Debug|Any CPU
		{CF892F14-AEC8-4D98-BA2E-4575C1C241A2}.Debug|x86.Build.0 = Debug|Any CPU
		{CF892F14-AEC8-4D98-BA2E-4575C1C241A2}.Release|Any CPU.ActiveCfg = Release|Any CPU
		{CF892F14-AEC8-4D98-BA2E-4575C1C241A2}.Release|Any CPU.Build.0 = Release|Any CPU
		{CF892F14-AEC8-4D98-BA2E-4575C1C241A2}.Release|ARM.ActiveCfg = Release|Any CPU
		{CF892F14-AEC8-4D98-BA2E-4575C1C241A2}.Release|ARM.Build.0 = Release|Any CPU
		{CF892F14-AEC8-4D98-BA2E-4575C1C241A2}.Release|Mixed Platforms.ActiveCfg = Release|Any CPU
		{CF892F14-AEC8-4D98-BA2E-4575C1C241A2}.Release|Mixed Platforms.Build.0 = Release|Any CPU
		{CF892F14-AEC8-4D98-BA2E-4575C1C241A2}.Release|x64.ActiveCfg = Release|x64
		{CF892F14-AEC8-4D98-BA2E-4575C1C241A2}.Release|x64.Build.0 = Release|x64
		{CF892F14-AEC8-4D98-BA2E-4575C1C241A2}.Release|x86.ActiveCfg = Release|Any CPU
		{CF892F14-AEC8-4D98-BA2E-4575C1C241A2}.Release|x86.Build.0 = Release|Any CPU
		{5E11368E-E121-45C2-87A2-03DAC2DE3073}.Debug|Any CPU.ActiveCfg = Debug|Any CPU
		{5E11368E-E121-45C2-87A2-03DAC2DE3073}.Debug|Any CPU.Build.0 = Debug|Any CPU
		{5E11368E-E121-45C2-87A2-03DAC2DE3073}.Debug|ARM.ActiveCfg = Debug|Any CPU
		{5E11368E-E121-45C2-87A2-03DAC2DE3073}.Debug|ARM.Build.0 = Debug|Any CPU
		{5E11368E-E121-45C2-87A2-03DAC2DE3073}.Debug|Mixed Platforms.ActiveCfg = Debug|Any CPU
		{5E11368E-E121-45C2-87A2-03DAC2DE3073}.Debug|Mixed Platforms.Build.0 = Debug|Any CPU
		{5E11368E-E121-45C2-87A2-03DAC2DE3073}.Debug|x64.ActiveCfg = Debug|x64
		{5E11368E-E121-45C2-87A2-03DAC2DE3073}.Debug|x64.Build.0 = Debug|x64
		{5E11368E-E121-45C2-87A2-03DAC2DE3073}.Debug|x86.ActiveCfg = Debug|Any CPU
		{5E11368E-E121-45C2-87A2-03DAC2DE3073}.Debug|x86.Build.0 = Debug|Any CPU
		{5E11368E-E121-45C2-87A2-03DAC2DE3073}.Release|Any CPU.ActiveCfg = Release|Any CPU
		{5E11368E-E121-45C2-87A2-03DAC2DE3073}.Release|Any CPU.Build.0 = Release|Any CPU
		{5E11368E-E121-45C2-87A2-03DAC2DE3073}.Release|ARM.ActiveCfg = Release|Any CPU
		{5E11368E-E121-45C2-87A2-03DAC2DE3073}.Release|ARM.Build.0 = Release|Any CPU
		{5E11368E-E121-45C2-87A2-03DAC2DE3073}.Release|Mixed Platforms.ActiveCfg = Release|Any CPU
		{5E11368E-E121-45C2-87A2-03DAC2DE3073}.Release|Mixed Platforms.Build.0 = Release|Any CPU
		{5E11368E-E121-45C2-87A2-03DAC2DE3073}.Release|x64.ActiveCfg = Release|x64
		{5E11368E-E121-45C2-87A2-03DAC2DE3073}.Release|x64.Build.0 = Release|x64
		{5E11368E-E121-45C2-87A2-03DAC2DE3073}.Release|x86.ActiveCfg = Release|Any CPU
		{5E11368E-E121-45C2-87A2-03DAC2DE3073}.Release|x86.Build.0 = Release|Any CPU
		{CD2DD834-A668-4928-BB3E-E4EF1C11284D}.Debug|Any CPU.ActiveCfg = Debug|Any CPU
		{CD2DD834-A668-4928-BB3E-E4EF1C11284D}.Debug|Any CPU.Build.0 = Debug|Any CPU
		{CD2DD834-A668-4928-BB3E-E4EF1C11284D}.Debug|ARM.ActiveCfg = Debug|Any CPU
		{CD2DD834-A668-4928-BB3E-E4EF1C11284D}.Debug|ARM.Build.0 = Debug|Any CPU
		{CD2DD834-A668-4928-BB3E-E4EF1C11284D}.Debug|Mixed Platforms.ActiveCfg = Debug|Any CPU
		{CD2DD834-A668-4928-BB3E-E4EF1C11284D}.Debug|Mixed Platforms.Build.0 = Debug|Any CPU
		{CD2DD834-A668-4928-BB3E-E4EF1C11284D}.Debug|x64.ActiveCfg = Debug|x64
		{CD2DD834-A668-4928-BB3E-E4EF1C11284D}.Debug|x64.Build.0 = Debug|x64
		{CD2DD834-A668-4928-BB3E-E4EF1C11284D}.Debug|x86.ActiveCfg = Debug|Any CPU
		{CD2DD834-A668-4928-BB3E-E4EF1C11284D}.Debug|x86.Build.0 = Debug|Any CPU
		{CD2DD834-A668-4928-BB3E-E4EF1C11284D}.Release|Any CPU.ActiveCfg = Release|Any CPU
		{CD2DD834-A668-4928-BB3E-E4EF1C11284D}.Release|Any CPU.Build.0 = Release|Any CPU
		{CD2DD834-A668-4928-BB3E-E4EF1C11284D}.Release|ARM.ActiveCfg = Release|Any CPU
		{CD2DD834-A668-4928-BB3E-E4EF1C11284D}.Release|ARM.Build.0 = Release|Any CPU
		{CD2DD834-A668-4928-BB3E-E4EF1C11284D}.Release|Mixed Platforms.ActiveCfg = Release|Any CPU
		{CD2DD834-A668-4928-BB3E-E4EF1C11284D}.Release|Mixed Platforms.Build.0 = Release|Any CPU
		{CD2DD834-A668-4928-BB3E-E4EF1C11284D}.Release|x64.ActiveCfg = Release|x64
		{CD2DD834-A668-4928-BB3E-E4EF1C11284D}.Release|x64.Build.0 = Release|x64
		{CD2DD834-A668-4928-BB3E-E4EF1C11284D}.Release|x86.ActiveCfg = Release|Any CPU
		{CD2DD834-A668-4928-BB3E-E4EF1C11284D}.Release|x86.Build.0 = Release|Any CPU
		{7405DD75-D19C-4C80-8107-6492A9583802}.Debug|Any CPU.ActiveCfg = Debug|Any CPU
		{7405DD75-D19C-4C80-8107-6492A9583802}.Debug|Any CPU.Build.0 = Debug|Any CPU
		{7405DD75-D19C-4C80-8107-6492A9583802}.Debug|Any CPU.Deploy.0 = Debug|Any CPU
		{7405DD75-D19C-4C80-8107-6492A9583802}.Debug|ARM.ActiveCfg = Debug|Any CPU
		{7405DD75-D19C-4C80-8107-6492A9583802}.Debug|ARM.Build.0 = Debug|Any CPU
		{7405DD75-D19C-4C80-8107-6492A9583802}.Debug|Mixed Platforms.ActiveCfg = Debug|Any CPU
		{7405DD75-D19C-4C80-8107-6492A9583802}.Debug|Mixed Platforms.Build.0 = Debug|Any CPU
		{7405DD75-D19C-4C80-8107-6492A9583802}.Debug|x64.ActiveCfg = Debug|x64
		{7405DD75-D19C-4C80-8107-6492A9583802}.Debug|x64.Build.0 = Debug|x64
		{7405DD75-D19C-4C80-8107-6492A9583802}.Debug|x86.ActiveCfg = Debug|Any CPU
		{7405DD75-D19C-4C80-8107-6492A9583802}.Debug|x86.Build.0 = Debug|Any CPU
		{7405DD75-D19C-4C80-8107-6492A9583802}.Release|Any CPU.ActiveCfg = Release|Any CPU
		{7405DD75-D19C-4C80-8107-6492A9583802}.Release|Any CPU.Build.0 = Release|Any CPU
		{7405DD75-D19C-4C80-8107-6492A9583802}.Release|ARM.ActiveCfg = Release|Any CPU
		{7405DD75-D19C-4C80-8107-6492A9583802}.Release|ARM.Build.0 = Release|Any CPU
		{7405DD75-D19C-4C80-8107-6492A9583802}.Release|Mixed Platforms.ActiveCfg = Release|Any CPU
		{7405DD75-D19C-4C80-8107-6492A9583802}.Release|Mixed Platforms.Build.0 = Release|Any CPU
		{7405DD75-D19C-4C80-8107-6492A9583802}.Release|x64.ActiveCfg = Release|x64
		{7405DD75-D19C-4C80-8107-6492A9583802}.Release|x64.Build.0 = Release|x64
		{7405DD75-D19C-4C80-8107-6492A9583802}.Release|x86.ActiveCfg = Release|Any CPU
		{7405DD75-D19C-4C80-8107-6492A9583802}.Release|x86.Build.0 = Release|Any CPU
		{ED9F44AF-4154-4F52-8B71-7C2148B631AB}.Debug|Any CPU.ActiveCfg = Debug|Any CPU
		{ED9F44AF-4154-4F52-8B71-7C2148B631AB}.Debug|Any CPU.Build.0 = Debug|Any CPU
		{ED9F44AF-4154-4F52-8B71-7C2148B631AB}.Debug|ARM.ActiveCfg = Debug|Any CPU
		{ED9F44AF-4154-4F52-8B71-7C2148B631AB}.Debug|ARM.Build.0 = Debug|Any CPU
		{ED9F44AF-4154-4F52-8B71-7C2148B631AB}.Debug|Mixed Platforms.ActiveCfg = Debug|Any CPU
		{ED9F44AF-4154-4F52-8B71-7C2148B631AB}.Debug|Mixed Platforms.Build.0 = Debug|Any CPU
		{ED9F44AF-4154-4F52-8B71-7C2148B631AB}.Debug|x64.ActiveCfg = Debug|x64
		{ED9F44AF-4154-4F52-8B71-7C2148B631AB}.Debug|x64.Build.0 = Debug|x64
		{ED9F44AF-4154-4F52-8B71-7C2148B631AB}.Debug|x86.ActiveCfg = Debug|Any CPU
		{ED9F44AF-4154-4F52-8B71-7C2148B631AB}.Debug|x86.Build.0 = Debug|Any CPU
		{ED9F44AF-4154-4F52-8B71-7C2148B631AB}.Release|Any CPU.ActiveCfg = Release|Any CPU
		{ED9F44AF-4154-4F52-8B71-7C2148B631AB}.Release|Any CPU.Build.0 = Release|Any CPU
		{ED9F44AF-4154-4F52-8B71-7C2148B631AB}.Release|ARM.ActiveCfg = Release|Any CPU
		{ED9F44AF-4154-4F52-8B71-7C2148B631AB}.Release|ARM.Build.0 = Release|Any CPU
		{ED9F44AF-4154-4F52-8B71-7C2148B631AB}.Release|Mixed Platforms.ActiveCfg = Release|Any CPU
		{ED9F44AF-4154-4F52-8B71-7C2148B631AB}.Release|Mixed Platforms.Build.0 = Release|Any CPU
		{ED9F44AF-4154-4F52-8B71-7C2148B631AB}.Release|x64.ActiveCfg = Release|x64
		{ED9F44AF-4154-4F52-8B71-7C2148B631AB}.Release|x64.Build.0 = Release|x64
		{ED9F44AF-4154-4F52-8B71-7C2148B631AB}.Release|x86.ActiveCfg = Release|Any CPU
		{ED9F44AF-4154-4F52-8B71-7C2148B631AB}.Release|x86.Build.0 = Release|Any CPU
		{C96A3533-5D0D-40FF-AFC7-1FF72EFAA9CA}.Debug|Any CPU.ActiveCfg = Debug|Any CPU
		{C96A3533-5D0D-40FF-AFC7-1FF72EFAA9CA}.Debug|Any CPU.Build.0 = Debug|Any CPU
		{C96A3533-5D0D-40FF-AFC7-1FF72EFAA9CA}.Debug|ARM.ActiveCfg = Debug|Any CPU
		{C96A3533-5D0D-40FF-AFC7-1FF72EFAA9CA}.Debug|ARM.Build.0 = Debug|Any CPU
		{C96A3533-5D0D-40FF-AFC7-1FF72EFAA9CA}.Debug|Mixed Platforms.ActiveCfg = Debug|Any CPU
		{C96A3533-5D0D-40FF-AFC7-1FF72EFAA9CA}.Debug|Mixed Platforms.Build.0 = Debug|Any CPU
		{C96A3533-5D0D-40FF-AFC7-1FF72EFAA9CA}.Debug|x64.ActiveCfg = Debug|x64
		{C96A3533-5D0D-40FF-AFC7-1FF72EFAA9CA}.Debug|x64.Build.0 = Debug|x64
		{C96A3533-5D0D-40FF-AFC7-1FF72EFAA9CA}.Debug|x86.ActiveCfg = Debug|Any CPU
		{C96A3533-5D0D-40FF-AFC7-1FF72EFAA9CA}.Debug|x86.Build.0 = Debug|Any CPU
		{C96A3533-5D0D-40FF-AFC7-1FF72EFAA9CA}.Release|Any CPU.ActiveCfg = Release|Any CPU
		{C96A3533-5D0D-40FF-AFC7-1FF72EFAA9CA}.Release|Any CPU.Build.0 = Release|Any CPU
		{C96A3533-5D0D-40FF-AFC7-1FF72EFAA9CA}.Release|ARM.ActiveCfg = Release|Any CPU
		{C96A3533-5D0D-40FF-AFC7-1FF72EFAA9CA}.Release|ARM.Build.0 = Release|Any CPU
		{C96A3533-5D0D-40FF-AFC7-1FF72EFAA9CA}.Release|Mixed Platforms.ActiveCfg = Release|Any CPU
		{C96A3533-5D0D-40FF-AFC7-1FF72EFAA9CA}.Release|Mixed Platforms.Build.0 = Release|Any CPU
		{C96A3533-5D0D-40FF-AFC7-1FF72EFAA9CA}.Release|x64.ActiveCfg = Release|x64
		{C96A3533-5D0D-40FF-AFC7-1FF72EFAA9CA}.Release|x64.Build.0 = Release|x64
		{C96A3533-5D0D-40FF-AFC7-1FF72EFAA9CA}.Release|x86.ActiveCfg = Release|Any CPU
		{C96A3533-5D0D-40FF-AFC7-1FF72EFAA9CA}.Release|x86.Build.0 = Release|Any CPU
		{66637EE9-B4A3-4F41-9041-CAF4BE0453E1}.Debug|Any CPU.ActiveCfg = Debug|Any CPU
		{66637EE9-B4A3-4F41-9041-CAF4BE0453E1}.Debug|Any CPU.Build.0 = Debug|Any CPU
		{66637EE9-B4A3-4F41-9041-CAF4BE0453E1}.Debug|ARM.ActiveCfg = Debug|Any CPU
		{66637EE9-B4A3-4F41-9041-CAF4BE0453E1}.Debug|ARM.Build.0 = Debug|Any CPU
		{66637EE9-B4A3-4F41-9041-CAF4BE0453E1}.Debug|Mixed Platforms.ActiveCfg = Debug|Any CPU
		{66637EE9-B4A3-4F41-9041-CAF4BE0453E1}.Debug|Mixed Platforms.Build.0 = Debug|Any CPU
		{66637EE9-B4A3-4F41-9041-CAF4BE0453E1}.Debug|x64.ActiveCfg = Debug|x64
		{66637EE9-B4A3-4F41-9041-CAF4BE0453E1}.Debug|x64.Build.0 = Debug|x64
		{66637EE9-B4A3-4F41-9041-CAF4BE0453E1}.Debug|x86.ActiveCfg = Debug|Any CPU
		{66637EE9-B4A3-4F41-9041-CAF4BE0453E1}.Debug|x86.Build.0 = Debug|Any CPU
		{66637EE9-B4A3-4F41-9041-CAF4BE0453E1}.Release|Any CPU.ActiveCfg = Release|Any CPU
		{66637EE9-B4A3-4F41-9041-CAF4BE0453E1}.Release|Any CPU.Build.0 = Release|Any CPU
		{66637EE9-B4A3-4F41-9041-CAF4BE0453E1}.Release|ARM.ActiveCfg = Release|Any CPU
		{66637EE9-B4A3-4F41-9041-CAF4BE0453E1}.Release|ARM.Build.0 = Release|Any CPU
		{66637EE9-B4A3-4F41-9041-CAF4BE0453E1}.Release|Mixed Platforms.ActiveCfg = Release|Any CPU
		{66637EE9-B4A3-4F41-9041-CAF4BE0453E1}.Release|Mixed Platforms.Build.0 = Release|Any CPU
		{66637EE9-B4A3-4F41-9041-CAF4BE0453E1}.Release|x64.ActiveCfg = Release|x64
		{66637EE9-B4A3-4F41-9041-CAF4BE0453E1}.Release|x64.Build.0 = Release|x64
		{66637EE9-B4A3-4F41-9041-CAF4BE0453E1}.Release|x86.ActiveCfg = Release|Any CPU
		{66637EE9-B4A3-4F41-9041-CAF4BE0453E1}.Release|x86.Build.0 = Release|Any CPU
		{19A8ED40-3442-4BE4-8302-A372BBBA66B8}.Debug|Any CPU.ActiveCfg = Debug|Any CPU
		{19A8ED40-3442-4BE4-8302-A372BBBA66B8}.Debug|Any CPU.Build.0 = Debug|Any CPU
		{19A8ED40-3442-4BE4-8302-A372BBBA66B8}.Debug|ARM.ActiveCfg = Debug|Any CPU
		{19A8ED40-3442-4BE4-8302-A372BBBA66B8}.Debug|ARM.Build.0 = Debug|Any CPU
		{19A8ED40-3442-4BE4-8302-A372BBBA66B8}.Debug|Mixed Platforms.ActiveCfg = Debug|Any CPU
		{19A8ED40-3442-4BE4-8302-A372BBBA66B8}.Debug|Mixed Platforms.Build.0 = Debug|Any CPU
		{19A8ED40-3442-4BE4-8302-A372BBBA66B8}.Debug|x64.ActiveCfg = Debug|x64
		{19A8ED40-3442-4BE4-8302-A372BBBA66B8}.Debug|x64.Build.0 = Debug|x64
		{19A8ED40-3442-4BE4-8302-A372BBBA66B8}.Debug|x86.ActiveCfg = Debug|Any CPU
		{19A8ED40-3442-4BE4-8302-A372BBBA66B8}.Debug|x86.Build.0 = Debug|Any CPU
		{19A8ED40-3442-4BE4-8302-A372BBBA66B8}.Release|Any CPU.ActiveCfg = Release|Any CPU
		{19A8ED40-3442-4BE4-8302-A372BBBA66B8}.Release|Any CPU.Build.0 = Release|Any CPU
		{19A8ED40-3442-4BE4-8302-A372BBBA66B8}.Release|ARM.ActiveCfg = Release|Any CPU
		{19A8ED40-3442-4BE4-8302-A372BBBA66B8}.Release|ARM.Build.0 = Release|Any CPU
		{19A8ED40-3442-4BE4-8302-A372BBBA66B8}.Release|Mixed Platforms.ActiveCfg = Release|Any CPU
		{19A8ED40-3442-4BE4-8302-A372BBBA66B8}.Release|Mixed Platforms.Build.0 = Release|Any CPU
		{19A8ED40-3442-4BE4-8302-A372BBBA66B8}.Release|x64.ActiveCfg = Release|x64
		{19A8ED40-3442-4BE4-8302-A372BBBA66B8}.Release|x64.Build.0 = Release|x64
		{19A8ED40-3442-4BE4-8302-A372BBBA66B8}.Release|x86.ActiveCfg = Release|Any CPU
		{19A8ED40-3442-4BE4-8302-A372BBBA66B8}.Release|x86.Build.0 = Release|Any CPU
		{5469728D-9C37-447B-B6A0-3691E254AEBA}.Debug|Any CPU.ActiveCfg = Debug|Any CPU
		{5469728D-9C37-447B-B6A0-3691E254AEBA}.Debug|Any CPU.Build.0 = Debug|Any CPU
		{5469728D-9C37-447B-B6A0-3691E254AEBA}.Debug|ARM.ActiveCfg = Debug|Any CPU
		{5469728D-9C37-447B-B6A0-3691E254AEBA}.Debug|ARM.Build.0 = Debug|Any CPU
		{5469728D-9C37-447B-B6A0-3691E254AEBA}.Debug|Mixed Platforms.ActiveCfg = Debug|Any CPU
		{5469728D-9C37-447B-B6A0-3691E254AEBA}.Debug|Mixed Platforms.Build.0 = Debug|Any CPU
		{5469728D-9C37-447B-B6A0-3691E254AEBA}.Debug|x64.ActiveCfg = Debug|x64
		{5469728D-9C37-447B-B6A0-3691E254AEBA}.Debug|x64.Build.0 = Debug|x64
		{5469728D-9C37-447B-B6A0-3691E254AEBA}.Debug|x86.ActiveCfg = Debug|Any CPU
		{5469728D-9C37-447B-B6A0-3691E254AEBA}.Debug|x86.Build.0 = Debug|Any CPU
		{5469728D-9C37-447B-B6A0-3691E254AEBA}.Release|Any CPU.ActiveCfg = Release|Any CPU
		{5469728D-9C37-447B-B6A0-3691E254AEBA}.Release|Any CPU.Build.0 = Release|Any CPU
		{5469728D-9C37-447B-B6A0-3691E254AEBA}.Release|ARM.ActiveCfg = Release|Any CPU
		{5469728D-9C37-447B-B6A0-3691E254AEBA}.Release|ARM.Build.0 = Release|Any CPU
		{5469728D-9C37-447B-B6A0-3691E254AEBA}.Release|Mixed Platforms.ActiveCfg = Release|Any CPU
		{5469728D-9C37-447B-B6A0-3691E254AEBA}.Release|Mixed Platforms.Build.0 = Release|Any CPU
		{5469728D-9C37-447B-B6A0-3691E254AEBA}.Release|x64.ActiveCfg = Release|x64
		{5469728D-9C37-447B-B6A0-3691E254AEBA}.Release|x64.Build.0 = Release|x64
		{5469728D-9C37-447B-B6A0-3691E254AEBA}.Release|x86.ActiveCfg = Release|Any CPU
		{5469728D-9C37-447B-B6A0-3691E254AEBA}.Release|x86.Build.0 = Release|Any CPU
		{03A619AF-9E9E-4E7D-A905-878F1452DC75}.Debug|Any CPU.ActiveCfg = Debug|Any CPU
		{03A619AF-9E9E-4E7D-A905-878F1452DC75}.Debug|Any CPU.Build.0 = Debug|Any CPU
		{03A619AF-9E9E-4E7D-A905-878F1452DC75}.Debug|ARM.ActiveCfg = Debug|Any CPU
		{03A619AF-9E9E-4E7D-A905-878F1452DC75}.Debug|ARM.Build.0 = Debug|Any CPU
		{03A619AF-9E9E-4E7D-A905-878F1452DC75}.Debug|Mixed Platforms.ActiveCfg = Debug|Any CPU
		{03A619AF-9E9E-4E7D-A905-878F1452DC75}.Debug|Mixed Platforms.Build.0 = Debug|Any CPU
		{03A619AF-9E9E-4E7D-A905-878F1452DC75}.Debug|x64.ActiveCfg = Debug|x64
		{03A619AF-9E9E-4E7D-A905-878F1452DC75}.Debug|x64.Build.0 = Debug|x64
		{03A619AF-9E9E-4E7D-A905-878F1452DC75}.Debug|x86.ActiveCfg = Debug|Any CPU
		{03A619AF-9E9E-4E7D-A905-878F1452DC75}.Debug|x86.Build.0 = Debug|Any CPU
		{03A619AF-9E9E-4E7D-A905-878F1452DC75}.Release|Any CPU.ActiveCfg = Release|Any CPU
		{03A619AF-9E9E-4E7D-A905-878F1452DC75}.Release|Any CPU.Build.0 = Release|Any CPU
		{03A619AF-9E9E-4E7D-A905-878F1452DC75}.Release|ARM.ActiveCfg = Release|Any CPU
		{03A619AF-9E9E-4E7D-A905-878F1452DC75}.Release|ARM.Build.0 = Release|Any CPU
		{03A619AF-9E9E-4E7D-A905-878F1452DC75}.Release|Mixed Platforms.ActiveCfg = Release|Any CPU
		{03A619AF-9E9E-4E7D-A905-878F1452DC75}.Release|Mixed Platforms.Build.0 = Release|Any CPU
		{03A619AF-9E9E-4E7D-A905-878F1452DC75}.Release|x64.ActiveCfg = Release|x64
		{03A619AF-9E9E-4E7D-A905-878F1452DC75}.Release|x64.Build.0 = Release|x64
		{03A619AF-9E9E-4E7D-A905-878F1452DC75}.Release|x86.ActiveCfg = Release|Any CPU
		{03A619AF-9E9E-4E7D-A905-878F1452DC75}.Release|x86.Build.0 = Release|Any CPU
		{6BE4C46F-6C16-4637-82DA-9ADF83494819}.Debug|Any CPU.ActiveCfg = Debug|Any CPU
		{6BE4C46F-6C16-4637-82DA-9ADF83494819}.Debug|Any CPU.Build.0 = Debug|Any CPU
		{6BE4C46F-6C16-4637-82DA-9ADF83494819}.Debug|ARM.ActiveCfg = Debug|Any CPU
		{6BE4C46F-6C16-4637-82DA-9ADF83494819}.Debug|ARM.Build.0 = Debug|Any CPU
		{6BE4C46F-6C16-4637-82DA-9ADF83494819}.Debug|Mixed Platforms.ActiveCfg = Debug|Any CPU
		{6BE4C46F-6C16-4637-82DA-9ADF83494819}.Debug|Mixed Platforms.Build.0 = Debug|Any CPU
		{6BE4C46F-6C16-4637-82DA-9ADF83494819}.Debug|x64.ActiveCfg = Debug|x64
		{6BE4C46F-6C16-4637-82DA-9ADF83494819}.Debug|x64.Build.0 = Debug|x64
		{6BE4C46F-6C16-4637-82DA-9ADF83494819}.Debug|x86.ActiveCfg = Debug|Any CPU
		{6BE4C46F-6C16-4637-82DA-9ADF83494819}.Debug|x86.Build.0 = Debug|Any CPU
		{6BE4C46F-6C16-4637-82DA-9ADF83494819}.Release|Any CPU.ActiveCfg = Release|Any CPU
		{6BE4C46F-6C16-4637-82DA-9ADF83494819}.Release|Any CPU.Build.0 = Release|Any CPU
		{6BE4C46F-6C16-4637-82DA-9ADF83494819}.Release|ARM.ActiveCfg = Release|Any CPU
		{6BE4C46F-6C16-4637-82DA-9ADF83494819}.Release|ARM.Build.0 = Release|Any CPU
		{6BE4C46F-6C16-4637-82DA-9ADF83494819}.Release|Mixed Platforms.ActiveCfg = Release|Any CPU
		{6BE4C46F-6C16-4637-82DA-9ADF83494819}.Release|Mixed Platforms.Build.0 = Release|Any CPU
		{6BE4C46F-6C16-4637-82DA-9ADF83494819}.Release|x64.ActiveCfg = Release|x64
		{6BE4C46F-6C16-4637-82DA-9ADF83494819}.Release|x64.Build.0 = Release|x64
		{6BE4C46F-6C16-4637-82DA-9ADF83494819}.Release|x86.ActiveCfg = Release|Any CPU
		{6BE4C46F-6C16-4637-82DA-9ADF83494819}.Release|x86.Build.0 = Release|Any CPU
		{C3B224C6-8161-485E-89C5-A92D46FFF358}.Debug|Any CPU.ActiveCfg = Debug|Any CPU
		{C3B224C6-8161-485E-89C5-A92D46FFF358}.Debug|Any CPU.Build.0 = Debug|Any CPU
		{C3B224C6-8161-485E-89C5-A92D46FFF358}.Debug|ARM.ActiveCfg = Debug|Any CPU
		{C3B224C6-8161-485E-89C5-A92D46FFF358}.Debug|ARM.Build.0 = Debug|Any CPU
		{C3B224C6-8161-485E-89C5-A92D46FFF358}.Debug|Mixed Platforms.ActiveCfg = Debug|Any CPU
		{C3B224C6-8161-485E-89C5-A92D46FFF358}.Debug|Mixed Platforms.Build.0 = Debug|Any CPU
		{C3B224C6-8161-485E-89C5-A92D46FFF358}.Debug|x64.ActiveCfg = Debug|x64
		{C3B224C6-8161-485E-89C5-A92D46FFF358}.Debug|x64.Build.0 = Debug|x64
		{C3B224C6-8161-485E-89C5-A92D46FFF358}.Debug|x86.ActiveCfg = Debug|Any CPU
		{C3B224C6-8161-485E-89C5-A92D46FFF358}.Debug|x86.Build.0 = Debug|Any CPU
		{C3B224C6-8161-485E-89C5-A92D46FFF358}.Release|Any CPU.ActiveCfg = Release|Any CPU
		{C3B224C6-8161-485E-89C5-A92D46FFF358}.Release|Any CPU.Build.0 = Release|Any CPU
		{C3B224C6-8161-485E-89C5-A92D46FFF358}.Release|ARM.ActiveCfg = Release|Any CPU
		{C3B224C6-8161-485E-89C5-A92D46FFF358}.Release|ARM.Build.0 = Release|Any CPU
		{C3B224C6-8161-485E-89C5-A92D46FFF358}.Release|Mixed Platforms.ActiveCfg = Release|Any CPU
		{C3B224C6-8161-485E-89C5-A92D46FFF358}.Release|Mixed Platforms.Build.0 = Release|Any CPU
		{C3B224C6-8161-485E-89C5-A92D46FFF358}.Release|x64.ActiveCfg = Release|x64
		{C3B224C6-8161-485E-89C5-A92D46FFF358}.Release|x64.Build.0 = Release|x64
		{C3B224C6-8161-485E-89C5-A92D46FFF358}.Release|x86.ActiveCfg = Release|Any CPU
		{C3B224C6-8161-485E-89C5-A92D46FFF358}.Release|x86.Build.0 = Release|Any CPU
		{FFDDB740-68C9-4962-9BE4-96CE51D2316B}.Debug|Any CPU.ActiveCfg = Debug|Any CPU
		{FFDDB740-68C9-4962-9BE4-96CE51D2316B}.Debug|Any CPU.Build.0 = Debug|Any CPU
		{FFDDB740-68C9-4962-9BE4-96CE51D2316B}.Debug|ARM.ActiveCfg = Debug|Any CPU
		{FFDDB740-68C9-4962-9BE4-96CE51D2316B}.Debug|ARM.Build.0 = Debug|Any CPU
		{FFDDB740-68C9-4962-9BE4-96CE51D2316B}.Debug|Mixed Platforms.ActiveCfg = Debug|Any CPU
		{FFDDB740-68C9-4962-9BE4-96CE51D2316B}.Debug|Mixed Platforms.Build.0 = Debug|Any CPU
		{FFDDB740-68C9-4962-9BE4-96CE51D2316B}.Debug|x64.ActiveCfg = Debug|x64
		{FFDDB740-68C9-4962-9BE4-96CE51D2316B}.Debug|x64.Build.0 = Debug|x64
		{FFDDB740-68C9-4962-9BE4-96CE51D2316B}.Debug|x86.ActiveCfg = Debug|Any CPU
		{FFDDB740-68C9-4962-9BE4-96CE51D2316B}.Debug|x86.Build.0 = Debug|Any CPU
		{FFDDB740-68C9-4962-9BE4-96CE51D2316B}.Release|Any CPU.ActiveCfg = Release|Any CPU
		{FFDDB740-68C9-4962-9BE4-96CE51D2316B}.Release|Any CPU.Build.0 = Release|Any CPU
		{FFDDB740-68C9-4962-9BE4-96CE51D2316B}.Release|ARM.ActiveCfg = Release|Any CPU
		{FFDDB740-68C9-4962-9BE4-96CE51D2316B}.Release|ARM.Build.0 = Release|Any CPU
		{FFDDB740-68C9-4962-9BE4-96CE51D2316B}.Release|Mixed Platforms.ActiveCfg = Release|Any CPU
		{FFDDB740-68C9-4962-9BE4-96CE51D2316B}.Release|Mixed Platforms.Build.0 = Release|Any CPU
		{FFDDB740-68C9-4962-9BE4-96CE51D2316B}.Release|x64.ActiveCfg = Release|x64
		{FFDDB740-68C9-4962-9BE4-96CE51D2316B}.Release|x64.Build.0 = Release|x64
		{FFDDB740-68C9-4962-9BE4-96CE51D2316B}.Release|x86.ActiveCfg = Release|Any CPU
		{FFDDB740-68C9-4962-9BE4-96CE51D2316B}.Release|x86.Build.0 = Release|Any CPU
		{F68DFE34-B1B0-4EB8-A3D2-A8F157BCA4E5}.Debug|Any CPU.ActiveCfg = Debug|Any CPU
		{F68DFE34-B1B0-4EB8-A3D2-A8F157BCA4E5}.Debug|Any CPU.Build.0 = Debug|Any CPU
		{F68DFE34-B1B0-4EB8-A3D2-A8F157BCA4E5}.Debug|ARM.ActiveCfg = Debug|Any CPU
		{F68DFE34-B1B0-4EB8-A3D2-A8F157BCA4E5}.Debug|ARM.Build.0 = Debug|Any CPU
		{F68DFE34-B1B0-4EB8-A3D2-A8F157BCA4E5}.Debug|Mixed Platforms.ActiveCfg = Debug|Any CPU
		{F68DFE34-B1B0-4EB8-A3D2-A8F157BCA4E5}.Debug|Mixed Platforms.Build.0 = Debug|Any CPU
		{F68DFE34-B1B0-4EB8-A3D2-A8F157BCA4E5}.Debug|x64.ActiveCfg = Debug|x64
		{F68DFE34-B1B0-4EB8-A3D2-A8F157BCA4E5}.Debug|x64.Build.0 = Debug|x64
		{F68DFE34-B1B0-4EB8-A3D2-A8F157BCA4E5}.Debug|x86.ActiveCfg = Debug|Any CPU
		{F68DFE34-B1B0-4EB8-A3D2-A8F157BCA4E5}.Debug|x86.Build.0 = Debug|Any CPU
		{F68DFE34-B1B0-4EB8-A3D2-A8F157BCA4E5}.Release|Any CPU.ActiveCfg = Release|Any CPU
		{F68DFE34-B1B0-4EB8-A3D2-A8F157BCA4E5}.Release|Any CPU.Build.0 = Release|Any CPU
		{F68DFE34-B1B0-4EB8-A3D2-A8F157BCA4E5}.Release|ARM.ActiveCfg = Release|Any CPU
		{F68DFE34-B1B0-4EB8-A3D2-A8F157BCA4E5}.Release|ARM.Build.0 = Release|Any CPU
		{F68DFE34-B1B0-4EB8-A3D2-A8F157BCA4E5}.Release|Mixed Platforms.ActiveCfg = Release|Any CPU
		{F68DFE34-B1B0-4EB8-A3D2-A8F157BCA4E5}.Release|Mixed Platforms.Build.0 = Release|Any CPU
		{F68DFE34-B1B0-4EB8-A3D2-A8F157BCA4E5}.Release|x64.ActiveCfg = Release|Any CPU
		{F68DFE34-B1B0-4EB8-A3D2-A8F157BCA4E5}.Release|x64.Build.0 = Release|Any CPU
		{F68DFE34-B1B0-4EB8-A3D2-A8F157BCA4E5}.Release|x86.ActiveCfg = Release|Any CPU
		{F68DFE34-B1B0-4EB8-A3D2-A8F157BCA4E5}.Release|x86.Build.0 = Release|Any CPU
	EndGlobalSection
	GlobalSection(SolutionProperties) = preSolution
		HideSolutionNode = FALSE
	EndGlobalSection
	GlobalSection(NestedProjects) = preSolution
		{D524A2BA-111D-433C-8093-E92888A06931} = {0949E498-E45D-4D68-99B1-EAA744EB3B98}
		{66637EE9-B4A3-4F41-9041-CAF4BE0453E1} = {0949E498-E45D-4D68-99B1-EAA744EB3B98}
		{19A8ED40-3442-4BE4-8302-A372BBBA66B8} = {0949E498-E45D-4D68-99B1-EAA744EB3B98}
		{5469728D-9C37-447B-B6A0-3691E254AEBA} = {0949E498-E45D-4D68-99B1-EAA744EB3B98}
		{6BE4C46F-6C16-4637-82DA-9ADF83494819} = {E0C8A5E8-99F3-408C-91D1-6F2FD224D1B2}
		{C3B224C6-8161-485E-89C5-A92D46FFF358} = {0949E498-E45D-4D68-99B1-EAA744EB3B98}
		{FFDDB740-68C9-4962-9BE4-96CE51D2316B} = {0949E498-E45D-4D68-99B1-EAA744EB3B98}
		{F68DFE34-B1B0-4EB8-A3D2-A8F157BCA4E5} = {0949E498-E45D-4D68-99B1-EAA744EB3B98}
	EndGlobalSection
EndGlobal
